
Microsoft Visual Studio Solution File, Format Version 12.00
# Visual Studio Version 17
VisualStudioVersion = 17.6.33706.43
MinimumVisualStudioVersion = 10.0.40219.1
Project("{2150E333-8FDC-42A3-9474-1A3956D46DE8}") = "solution items", "solution items", "{519748E5-63A4-4F0A-94A7-A782DB5A5DFD}"
	ProjectSection(SolutionItems) = preProject
		.editorconfig = .editorconfig
	EndProjectSection
EndProject
Project("{2150E333-8FDC-42A3-9474-1A3956D46DE8}") = "src", "src", "{DE0E117F-3483-4D44-B729-57000D4E4C01}"
EndProject
Project("{2150E333-8FDC-42A3-9474-1A3956D46DE8}") = "test", "test", "{FE70A325-3FEB-4B3C-A8A1-C30AAA8F67A2}"
EndProject
Project("{2150E333-8FDC-42A3-9474-1A3956D46DE8}") = "client", "client", "{ED19FCFF-E513-46BF-9885-C5039EF35E98}"
EndProject
Project("{2150E333-8FDC-42A3-9474-1A3956D46DE8}") = "service", "service", "{668B15D5-5DF7-40B7-803C-E0D3C76C2087}"
EndProject
Project("{9A19103F-16F7-4668-BE54-9A1E7A4F7556}") = "SteamToys.Service", "src\SteamToys.Service\SteamToys.Service.csproj", "{D39DFDE3-26B0-408F-892C-F103C4238CEF}"
EndProject
Project("{9A19103F-16F7-4668-BE54-9A1E7A4F7556}") = "SteamToys.Core", "src\SteamToys.Core\SteamToys.Core.csproj", "{D25B3045-E133-4318-8246-7381A465B2A8}"
EndProject
Project("{9A19103F-16F7-4668-BE54-9A1E7A4F7556}") = "SteamToys.Contact", "src\SteamToys.Contact\SteamToys.Contact.csproj", "{E14A1DA6-D4DE-408E-BA54-13E3A7E4F481}"
EndProject
Project("{9A19103F-16F7-4668-BE54-9A1E7A4F7556}") = "SteamToys.Core.Test", "test\SteamToys.Core.Test\SteamToys.Core.Test.csproj", "{9E51A7AA-6789-408C-9609-B6728BD66E6B}"
EndProject
Project("{9A19103F-16F7-4668-BE54-9A1E7A4F7556}") = "SteamToys.Wpfui", "src\SteamToys.Wpfui\SteamToys.Wpfui.csproj", "{04865D5F-9B11-4715-B9C9-512342108092}"
EndProject
Project("{9A19103F-16F7-4668-BE54-9A1E7A4F7556}") = "SteamToys.Service.Test", "test\SteamToys.Service.Test\SteamToys.Service.Test.csproj", "{5EB3E5DF-416D-4CA8-B4DE-4FA94058DB22}"
EndProject
Project("{9A19103F-16F7-4668-BE54-9A1E7A4F7556}") = "SteamToys.Hc", "src\SteamToys.Hc\SteamToys.Hc.csproj", "{F200D119-E0E8-415C-B3E9-A1C8A95AB1CF}"
EndProject
Project("{2150E333-8FDC-42A3-9474-1A3956D46DE8}") = "shared", "shared", "{89C5FC39-534E-4D06-9715-2264C800012E}"
EndProject
Project("{FAE04EC0-301F-11D3-BF4B-00C04F79EFBC}") = "SteamToys.Shared", "src\SteamToys.Shared\SteamToys.Shared.csproj", "{43BE8CF1-AEB3-44D4-A335-06587406FFA4}"
EndProject
Global
	GlobalSection(SolutionConfigurationPlatforms) = preSolution
		Debug|Any CPU = Debug|Any CPU
		Release|Any CPU = Release|Any CPU
	EndGlobalSection
	GlobalSection(ProjectConfigurationPlatforms) = postSolution
		{D39DFDE3-26B0-408F-892C-F103C4238CEF}.Debug|Any CPU.ActiveCfg = Debug|Any CPU
		{D39DFDE3-26B0-408F-892C-F103C4238CEF}.Debug|Any CPU.Build.0 = Debug|Any CPU
		{D39DFDE3-26B0-408F-892C-F103C4238CEF}.Release|Any CPU.ActiveCfg = Release|Any CPU
		{D39DFDE3-26B0-408F-892C-F103C4238CEF}.Release|Any CPU.Build.0 = Release|Any CPU
		{D25B3045-E133-4318-8246-7381A465B2A8}.Debug|Any CPU.ActiveCfg = Debug|Any CPU
		{D25B3045-E133-4318-8246-7381A465B2A8}.Debug|Any CPU.Build.0 = Debug|Any CPU
		{D25B3045-E133-4318-8246-7381A465B2A8}.Release|Any CPU.ActiveCfg = Release|Any CPU
		{D25B3045-E133-4318-8246-7381A465B2A8}.Release|Any CPU.Build.0 = Release|Any CPU
		{E14A1DA6-D4DE-408E-BA54-13E3A7E4F481}.Debug|Any CPU.ActiveCfg = Debug|Any CPU
		{E14A1DA6-D4DE-408E-BA54-13E3A7E4F481}.Debug|Any CPU.Build.0 = Debug|Any CPU
		{E14A1DA6-D4DE-408E-BA54-13E3A7E4F481}.Release|Any CPU.ActiveCfg = Release|Any CPU
		{E14A1DA6-D4DE-408E-BA54-13E3A7E4F481}.Release|Any CPU.Build.0 = Release|Any CPU
		{9E51A7AA-6789-408C-9609-B6728BD66E6B}.Debug|Any CPU.ActiveCfg = Debug|Any CPU
		{9E51A7AA-6789-408C-9609-B6728BD66E6B}.Debug|Any CPU.Build.0 = Debug|Any CPU
		{9E51A7AA-6789-408C-9609-B6728BD66E6B}.Release|Any CPU.ActiveCfg = Release|Any CPU
		{9E51A7AA-6789-408C-9609-B6728BD66E6B}.Release|Any CPU.Build.0 = Release|Any CPU
		{04865D5F-9B11-4715-B9C9-512342108092}.Debug|Any CPU.ActiveCfg = Debug|Any CPU
		{04865D5F-9B11-4715-B9C9-512342108092}.Debug|Any CPU.Build.0 = Debug|Any CPU
		{04865D5F-9B11-4715-B9C9-512342108092}.Release|Any CPU.ActiveCfg = Release|Any CPU
		{04865D5F-9B11-4715-B9C9-512342108092}.Release|Any CPU.Build.0 = Release|Any CPU
		{5EB3E5DF-416D-4CA8-B4DE-4FA94058DB22}.Debug|Any CPU.ActiveCfg = Debug|Any CPU
		{5EB3E5DF-416D-4CA8-B4DE-4FA94058DB22}.Debug|Any CPU.Build.0 = Debug|Any CPU
		{5EB3E5DF-416D-4CA8-B4DE-4FA94058DB22}.Release|Any CPU.ActiveCfg = Release|Any CPU
		{5EB3E5DF-416D-4CA8-B4DE-4FA94058DB22}.Release|Any CPU.Build.0 = Release|Any CPU
		{F200D119-E0E8-415C-B3E9-A1C8A95AB1CF}.Debug|Any CPU.ActiveCfg = Debug|Any CPU
		{F200D119-E0E8-415C-B3E9-A1C8A95AB1CF}.Debug|Any CPU.Build.0 = Debug|Any CPU
		{F200D119-E0E8-415C-B3E9-A1C8A95AB1CF}.Release|Any CPU.ActiveCfg = Release|Any CPU
		{F200D119-E0E8-415C-B3E9-A1C8A95AB1CF}.Release|Any CPU.Build.0 = Release|Any CPU
		{43BE8CF1-AEB3-44D4-A335-06587406FFA4}.Debug|Any CPU.ActiveCfg = Debug|Any CPU
		{43BE8CF1-AEB3-44D4-A335-06587406FFA4}.Debug|Any CPU.Build.0 = Debug|Any CPU
		{43BE8CF1-AEB3-44D4-A335-06587406FFA4}.Release|Any CPU.ActiveCfg = Release|Any CPU
		{43BE8CF1-AEB3-44D4-A335-06587406FFA4}.Release|Any CPU.Build.0 = Release|Any CPU
	EndGlobalSection
	GlobalSection(SolutionProperties) = preSolution
		HideSolutionNode = FALSE
	EndGlobalSection
	GlobalSection(NestedProjects) = preSolution
		{ED19FCFF-E513-46BF-9885-C5039EF35E98} = {DE0E117F-3483-4D44-B729-57000D4E4C01}
		{668B15D5-5DF7-40B7-803C-E0D3C76C2087} = {DE0E117F-3483-4D44-B729-57000D4E4C01}
		{D39DFDE3-26B0-408F-892C-F103C4238CEF} = {668B15D5-5DF7-40B7-803C-E0D3C76C2087}
		{D25B3045-E133-4318-8246-7381A465B2A8} = {668B15D5-5DF7-40B7-803C-E0D3C76C2087}
		{E14A1DA6-D4DE-408E-BA54-13E3A7E4F481} = {668B15D5-5DF7-40B7-803C-E0D3C76C2087}
		{9E51A7AA-6789-408C-9609-B6728BD66E6B} = {FE70A325-3FEB-4B3C-A8A1-C30AAA8F67A2}
		{04865D5F-9B11-4715-B9C9-512342108092} = {ED19FCFF-E513-46BF-9885-C5039EF35E98}
		{5EB3E5DF-416D-4CA8-B4DE-4FA94058DB22} = {FE70A325-3FEB-4B3C-A8A1-C30AAA8F67A2}
		{F200D119-E0E8-415C-B3E9-A1C8A95AB1CF} = {ED19FCFF-E513-46BF-9885-C5039EF35E98}
		{89C5FC39-534E-4D06-9715-2264C800012E} = {DE0E117F-3483-4D44-B729-57000D4E4C01}
		{43BE8CF1-AEB3-44D4-A335-06587406FFA4} = {89C5FC39-534E-4D06-9715-2264C800012E}
	EndGlobalSection
	GlobalSection(ExtensibilityGlobals) = postSolution
		SolutionGuid = {E85A315A-BBCE-4B76-9A1F-597B314DF08A}
	EndGlobalSection
EndGlobal
